
Microsoft Visual Studio Solution File, Format Version 12.00
# Visual Studio 15
VisualStudioVersion = 15.0.28307.421
MinimumVisualStudioVersion = 10.0.40219.1
Project("{FAE04EC0-301F-11D3-BF4B-00C04F79EFBC}") = "delegate-eksempler", "delegate-eksempler\delegate-eksempler.csproj", "{33644EBE-9E3F-4818-8051-2F0ADF83187A}"
EndProject
Global
	GlobalSection(SolutionConfigurationPlatforms) = preSolution
		Debug|Any CPU = Debug|Any CPU
		Release|Any CPU = Release|Any CPU
	EndGlobalSection
	GlobalSection(ProjectConfigurationPlatforms) = postSolution
		{33644EBE-9E3F-4818-8051-2F0ADF83187A}.Debug|Any CPU.ActiveCfg = Debug|Any CPU
		{33644EBE-9E3F-4818-8051-2F0ADF83187A}.Debug|Any CPU.Build.0 = Debug|Any CPU
		{33644EBE-9E3F-4818-8051-2F0ADF83187A}.Release|Any CPU.ActiveCfg = Release|Any CPU
		{33644EBE-9E3F-4818-8051-2F0ADF83187A}.Release|Any CPU.Build.0 = Release|Any CPU
	EndGlobalSection
	GlobalSection(SolutionProperties) = preSolution
		HideSolutionNode = FALSE
	EndGlobalSection
	GlobalSection(ExtensibilityGlobals) = postSolution
		SolutionGuid = {C6B6BA15-D5C4-4A5C-BBB4-9463F4669E9A}
	EndGlobalSection
EndGlobal
